
Microsoft Visual Studio Solution File, Format Version 12.00
# Visual Studio Version 16
VisualStudioVersion = 16.0.28803.916
MinimumVisualStudioVersion = 10.0.40219.1
Project("{FAE04EC0-301F-11D3-BF4B-00C04F79EFBC}") = "RaghbatProject(1938523-", "RaghbatProject(1938523-\RaghbatProject(1938523-.csproj", "{253CF832-B220-40BE-AD08-8EAE9D6B77BD}"
EndProject
Global
	GlobalSection(SolutionConfigurationPlatforms) = preSolution
		Debug|Any CPU = Debug|Any CPU
		Release|Any CPU = Release|Any CPU
	EndGlobalSection
	GlobalSection(ProjectConfigurationPlatforms) = postSolution
		{253CF832-B220-40BE-AD08-8EAE9D6B77BD}.Debug|Any CPU.ActiveCfg = Debug|Any CPU
		{253CF832-B220-40BE-AD08-8EAE9D6B77BD}.Debug|Any CPU.Build.0 = Debug|Any CPU
		{253CF832-B220-40BE-AD08-8EAE9D6B77BD}.Release|Any CPU.ActiveCfg = Release|Any CPU
		{253CF832-B220-40BE-AD08-8EAE9D6B77BD}.Release|Any CPU.Build.0 = Release|Any CPU
	EndGlobalSection
	GlobalSection(SolutionProperties) = preSolution
		HideSolutionNode = FALSE
	EndGlobalSection
	GlobalSection(ExtensibilityGlobals) = postSolution
		SolutionGuid = {D621D5E4-8C24-48AE-A785-705D65E26B73}
	EndGlobalSection
EndGlobal
